
Microsoft Visual Studio Solution File, Format Version 12.00
# Visual Studio Express 2012 for Windows Desktop
Project("{FAE04EC0-301F-11D3-BF4B-00C04F79EFBC}") = "01.IsLeapYearCheck", "IsLeapYearCheck\01.IsLeapYearCheck.csproj", "{D6258D23-8F61-4F49-9947-355671066906}"
EndProject
Project("{FAE04EC0-301F-11D3-BF4B-00C04F79EFBC}") = "02.TenRandomValues", "TenRandomValues\02.TenRandomValues.csproj", "{FEA32725-8889-459C-A373-A5315C2C7AA5}"
EndProject
Project("{FAE04EC0-301F-11D3-BF4B-00C04F79EFBC}") = "03.WichDayIsToday", "WichDayIsToday\03.WichDayIsToday.csproj", "{3C5ED9C8-458C-41B6-8BCB-9F2CA77C5C7A}"
EndProject
Project("{FAE04EC0-301F-11D3-BF4B-00C04F79EFBC}") = "04.CalculateSurfaceOfTriangle", "CalculateSurfaceOfTriangle\04.CalculateSurfaceOfTriangle.csproj", "{5CF6FC08-33B2-439C-B3CA-0D08550AAEBD}"
EndProject
Project("{FAE04EC0-301F-11D3-BF4B-00C04F79EFBC}") = "05.WorkdaysCalculator", "WorkdaysCalculator\05.WorkdaysCalculator.csproj", "{6B65A7D7-B4F4-4E9F-BA9C-CB5FEF6960F9}"
EndProject
Project("{FAE04EC0-301F-11D3-BF4B-00C04F79EFBC}") = "ReadAndCalculateValuesFromString", "ReadAndCalculateValuesFromString\ReadAndCalculateValuesFromString.csproj", "{7457BEC9-7917-4704-B34D-DBAEFC202FA1}"
EndProject
Global
	GlobalSection(SolutionConfigurationPlatforms) = preSolution
		Debug|Any CPU = Debug|Any CPU
		Release|Any CPU = Release|Any CPU
	EndGlobalSection
	GlobalSection(ProjectConfigurationPlatforms) = postSolution
		{D6258D23-8F61-4F49-9947-355671066906}.Debug|Any CPU.ActiveCfg = Debug|Any CPU
		{D6258D23-8F61-4F49-9947-355671066906}.Debug|Any CPU.Build.0 = Debug|Any CPU
		{D6258D23-8F61-4F49-9947-355671066906}.Release|Any CPU.ActiveCfg = Release|Any CPU
		{D6258D23-8F61-4F49-9947-355671066906}.Release|Any CPU.Build.0 = Release|Any CPU
		{FEA32725-8889-459C-A373-A5315C2C7AA5}.Debug|Any CPU.ActiveCfg = Debug|Any CPU
		{FEA32725-8889-459C-A373-A5315C2C7AA5}.Debug|Any CPU.Build.0 = Debug|Any CPU
		{FEA32725-8889-459C-A373-A5315C2C7AA5}.Release|Any CPU.ActiveCfg = Release|Any CPU
		{FEA32725-8889-459C-A373-A5315C2C7AA5}.Release|Any CPU.Build.0 = Release|Any CPU
		{3C5ED9C8-458C-41B6-8BCB-9F2CA77C5C7A}.Debug|Any CPU.ActiveCfg = Debug|Any CPU
		{3C5ED9C8-458C-41B6-8BCB-9F2CA77C5C7A}.Debug|Any CPU.Build.0 = Debug|Any CPU
		{3C5ED9C8-458C-41B6-8BCB-9F2CA77C5C7A}.Release|Any CPU.ActiveCfg = Release|Any CPU
		{3C5ED9C8-458C-41B6-8BCB-9F2CA77C5C7A}.Release|Any CPU.Build.0 = Release|Any CPU
		{5CF6FC08-33B2-439C-B3CA-0D08550AAEBD}.Debug|Any CPU.ActiveCfg = Debug|Any CPU
		{5CF6FC08-33B2-439C-B3CA-0D08550AAEBD}.Debug|Any CPU.Build.0 = Debug|Any CPU
		{5CF6FC08-33B2-439C-B3CA-0D08550AAEBD}.Release|Any CPU.ActiveCfg = Release|Any CPU
		{5CF6FC08-33B2-439C-B3CA-0D08550AAEBD}.Release|Any CPU.Build.0 = Release|Any CPU
		{6B65A7D7-B4F4-4E9F-BA9C-CB5FEF6960F9}.Debug|Any CPU.ActiveCfg = Debug|Any CPU
		{6B65A7D7-B4F4-4E9F-BA9C-CB5FEF6960F9}.Debug|Any CPU.Build.0 = Debug|Any CPU
		{6B65A7D7-B4F4-4E9F-BA9C-CB5FEF6960F9}.Release|Any CPU.ActiveCfg = Release|Any CPU
		{6B65A7D7-B4F4-4E9F-BA9C-CB5FEF6960F9}.Release|Any CPU.Build.0 = Release|Any CPU
		{7457BEC9-7917-4704-B34D-DBAEFC202FA1}.Debug|Any CPU.ActiveCfg = Debug|Any CPU
		{7457BEC9-7917-4704-B34D-DBAEFC202FA1}.Debug|Any CPU.Build.0 = Debug|Any CPU
		{7457BEC9-7917-4704-B34D-DBAEFC202FA1}.Release|Any CPU.ActiveCfg = Release|Any CPU
		{7457BEC9-7917-4704-B34D-DBAEFC202FA1}.Release|Any CPU.Build.0 = Release|Any CPU
	EndGlobalSection
	GlobalSection(SolutionProperties) = preSolution
		HideSolutionNode = FALSE
	EndGlobalSection
EndGlobal
